{
  "nodes": {
    "crane": {
      "locked": {
        "lastModified": 1755993354,
        "narHash": "sha256-FCRRAzSaL/+umLIm3RU3O/+fJ2ssaPHseI2SSFL8yZU=",
        "owner": "ipetkov",
        "repo": "crane",
        "rev": "25bd41b24426c7734278c2ff02e53258851db914",
        "type": "github"
      },
      "original": {
        "owner": "ipetkov",
        "repo": "crane",
        "type": "github"
      }
    },
    "nixpkgs": {
      "locked": {
        "lastModified": 1762482733,
        "narHash": "sha256-g/da4FzvckvbiZT075Sb1/YDNDr+tGQgh4N8i5ceYMg=",
        "owner": "NixOS",
        "repo": "nixpkgs",
        "rev": "e1ebeec86b771e9d387dd02d82ffdc77ac753abc",
        "type": "github"
      },
      "original": {
        "owner": "NixOS",
        "ref": "nixpkgs-unstable",
        "repo": "nixpkgs",
        "type": "github"
      }
    },
    "root": {
      "inputs": {
        "nixpkgs": "nixpkgs",
        "wild": "wild"
      }
    },
    "wild": {
      "inputs": {
        "crane": "crane",
        "nixpkgs": [
          "nixpkgs"
        ]
      },
      "locked": {
        "lastModified": 1762664973,
        "narHash": "sha256-YNHT3yIJKO7f3hhKfVjIk/qP3SIif1sJh9eI85MmbF0=",
        "owner": "davidlattimore",
        "repo": "wild",
        "rev": "3dbebc5a92b968b949ca2b3c884eed275dfabad7",
        "type": "github"
      },
      "original": {
        "owner": "davidlattimore",
        "repo": "wild",
        "type": "github"
      }
    }
  },
  "root": "root",
  "version": 7
}
